// !$*UTF8*$!
{
	archiveVersion = 1;
	classes = {
	};
	objectVersion = 50;
	objects = {

/* Begin PBXBuildFile section */
		0D3195DEC02A40A20F0FACAB /* libPods-SWDYD.a in Frameworks */ = {isa = PBXBuildFile; fileRef = A04F2E404E734F3B043BCE47 /* libPods-SWDYD.a */; };
		252AF65D52A024C590DA6523 /* libPods-SWDYDUITests.a in Frameworks */ = {isa = PBXBuildFile; fileRef = 89D90817019B28B7F4E59AAA /* libPods-SWDYDUITests.a */; };
		2E63CA16215FC1D2005BDF92 /* SWMedalHeaderView.m in Sources */ = {isa = PBXBuildFile; fileRef = 2E63CA15215FC1D2005BDF92 /* SWMedalHeaderView.m */; };
		B3199E8D340A0B53C4F35996 /* libPods-SWDYDTests.a in Frameworks */ = {isa = PBXBuildFile; fileRef = 5ABEBF346D301CE209C5B27C /* libPods-SWDYDTests.a */; };
		E85A86AD215F0E84002A6A67 /* SWNavigationController.m in Sources */ = {isa = PBXBuildFile; fileRef = E85A86AC215F0E84002A6A67 /* SWNavigationController.m */; };
		E85A86B0215F1D04002A6A67 /* UIViewController+Ext.m in Sources */ = {isa = PBXBuildFile; fileRef = E85A86AF215F1D04002A6A67 /* UIViewController+Ext.m */; };
		E85A86B4215F287A002A6A67 /* SWMeCell.m in Sources */ = {isa = PBXBuildFile; fileRef = E85A86B3215F287A002A6A67 /* SWMeCell.m */; };
		E85A86B8215F2AB5002A6A67 /* SWMeModel.m in Sources */ = {isa = PBXBuildFile; fileRef = E85A86B7215F2AB5002A6A67 /* SWMeModel.m */; };
		E85A86BB215F6E75002A6A67 /* SWMyMedalViewController.m in Sources */ = {isa = PBXBuildFile; fileRef = E85A86BA215F6E75002A6A67 /* SWMyMedalViewController.m */; };
		E8CA6967215C765600B7BB75 /* SWConst.m in Sources */ = {isa = PBXBuildFile; fileRef = E8CA6966215C765600B7BB75 /* SWConst.m */; };
		E8CA696A215C7D3600B7BB75 /* SWTableViewController.m in Sources */ = {isa = PBXBuildFile; fileRef = E8CA6969215C7D3600B7BB75 /* SWTableViewController.m */; };
		E8CA697A215C8AF800B7BB75 /* SWNetworkManager.m in Sources */ = {isa = PBXBuildFile; fileRef = E8CA6979215C8AF800B7BB75 /* SWNetworkManager.m */; };
		E8CA6980215CA17700B7BB75 /* SWNetWorkApi.m in Sources */ = {isa = PBXBuildFile; fileRef = E8CA697F215CA17700B7BB75 /* SWNetWorkApi.m */; };
		E8CA6983215CA53800B7BB75 /* mfp.cer in Resources */ = {isa = PBXBuildFile; fileRef = E8CA6982215CA53800B7BB75 /* mfp.cer */; };
		E8CA698B215CC46800B7BB75 /* SWLoginViewController.m in Sources */ = {isa = PBXBuildFile; fileRef = E8CA698A215CC46800B7BB75 /* SWLoginViewController.m */; };
		E8CA698F215CC4B100B7BB75 /* AppDelegate+Login.m in Sources */ = {isa = PBXBuildFile; fileRef = E8CA698E215CC4B100B7BB75 /* AppDelegate+Login.m */; };
		E8CA6998215CC66100B7BB75 /* SWRecommandViewController.m in Sources */ = {isa = PBXBuildFile; fileRef = E8CA6997215CC66100B7BB75 /* SWRecommandViewController.m */; };
		E8CA699C215CC66700B7BB75 /* SWVideoViewController.m in Sources */ = {isa = PBXBuildFile; fileRef = E8CA699B215CC66700B7BB75 /* SWVideoViewController.m */; };
		E8CA69A5215CC6E600B7BB75 /* SWHomeViewController.m in Sources */ = {isa = PBXBuildFile; fileRef = E8CA69A4215CC6E600B7BB75 /* SWHomeViewController.m */; };
		E8CA69A8215CCA2700B7BB75 /* SWModel.m in Sources */ = {isa = PBXBuildFile; fileRef = E8CA69A7215CCA2700B7BB75 /* SWModel.m */; };
		E8CA69B3215CCC1600B7BB75 /* SWFollowModel.m in Sources */ = {isa = PBXBuildFile; fileRef = E8CA69B2215CCC1600B7BB75 /* SWFollowModel.m */; };
		E8CA69BA215CDAE700B7BB75 /* SWCollectionViewCell.m in Sources */ = {isa = PBXBuildFile; fileRef = E8CA69B9215CDAE700B7BB75 /* SWCollectionViewCell.m */; };
		E8CDDC65215DB4AD00C41A28 /* SWClientManager.m in Sources */ = {isa = PBXBuildFile; fileRef = E8CDDC64215DB4AD00C41A28 /* SWClientManager.m */; };
		E8CDDC68215DB69900C41A28 /* SWCollectionViewController.m in Sources */ = {isa = PBXBuildFile; fileRef = E8CDDC67215DB69900C41A28 /* SWCollectionViewController.m */; };
		E8CDDC6B215DB78600C41A28 /* SWFollowViewController.m in Sources */ = {isa = PBXBuildFile; fileRef = E8CDDC6A215DB78600C41A28 /* SWFollowViewController.m */; };
		E8CDDC74215DC57A00C41A28 /* SWFollowHeaderView.m in Sources */ = {isa = PBXBuildFile; fileRef = E8CDDC73215DC57A00C41A28 /* SWFollowHeaderView.m */; };
		E8CDDC77215DCD6C00C41A28 /* SWFollowFooterView.m in Sources */ = {isa = PBXBuildFile; fileRef = E8CDDC76215DCD6C00C41A28 /* SWFollowFooterView.m */; };
		E8CDDC7A215DD7D700C41A28 /* SWFollowUserCell.m in Sources */ = {isa = PBXBuildFile; fileRef = E8CDDC79215DD7D700C41A28 /* SWFollowUserCell.m */; };
		E8CDDC7D215DD7EC00C41A28 /* SWFollowAreaCell.m in Sources */ = {isa = PBXBuildFile; fileRef = E8CDDC7C215DD7EC00C41A28 /* SWFollowAreaCell.m */; };
		E8CDDC80215DF6BD00C41A28 /* SWDYDTool.m in Sources */ = {isa = PBXBuildFile; fileRef = E8CDDC7F215DF6BD00C41A28 /* SWDYDTool.m */; };
		E8CDDC8F215E096700C41A28 /* SWMeViewController.m in Sources */ = {isa = PBXBuildFile; fileRef = E8CDDC8E215E096700C41A28 /* SWMeViewController.m */; };
		E8CDDC94215E28B100C41A28 /* SWSettingViewController.m in Sources */ = {isa = PBXBuildFile; fileRef = E8CDDC93215E28B100C41A28 /* SWSettingViewController.m */; };
		E8E3ACB8215B8C750066F4D0 /* AppDelegate.m in Sources */ = {isa = PBXBuildFile; fileRef = E8E3ACB7215B8C750066F4D0 /* AppDelegate.m */; };
		E8E3ACC0215B8C770066F4D0 /* Assets.xcassets in Resources */ = {isa = PBXBuildFile; fileRef = E8E3ACBF215B8C770066F4D0 /* Assets.xcassets */; };
		E8E3ACC3215B8C770066F4D0 /* LaunchScreen.storyboard in Resources */ = {isa = PBXBuildFile; fileRef = E8E3ACC1215B8C770066F4D0 /* LaunchScreen.storyboard */; };
		E8E3ACC6215B8C770066F4D0 /* main.m in Sources */ = {isa = PBXBuildFile; fileRef = E8E3ACC5215B8C770066F4D0 /* main.m */; };
		E8E3ACD0215B8C770066F4D0 /* SWDYDTests.m in Sources */ = {isa = PBXBuildFile; fileRef = E8E3ACCF215B8C770066F4D0 /* SWDYDTests.m */; };
		E8E3ACDB215B8C770066F4D0 /* SWDYDUITests.m in Sources */ = {isa = PBXBuildFile; fileRef = E8E3ACDA215B8C770066F4D0 /* SWDYDUITests.m */; };
		E8E3ACF7215B8C8D0066F4D0 /* SWTabBarController.m in Sources */ = {isa = PBXBuildFile; fileRef = E8E3ACED215B8C8C0066F4D0 /* SWTabBarController.m */; };
		E8E3ACF8215B8C8D0066F4D0 /* SWViewController.m in Sources */ = {isa = PBXBuildFile; fileRef = E8E3ACEF215B8C8C0066F4D0 /* SWViewController.m */; };
		E8E3ACFA215B8C8D0066F4D0 /* SWTableViewCell.m in Sources */ = {isa = PBXBuildFile; fileRef = E8E3ACF5215B8C8D0066F4D0 /* SWTableViewCell.m */; };
		E8E3ACFE215B8C9D0066F4D0 /* UIColor+ThemeColor.m in Sources */ = {isa = PBXBuildFile; fileRef = E8E3ACFD215B8C9D0066F4D0 /* UIColor+ThemeColor.m */; };
/* End PBXBuildFile section */

/* Begin PBXContainerItemProxy section */
		E8E3ACCC215B8C770066F4D0 /* PBXContainerItemProxy */ = {
			isa = PBXContainerItemProxy;
			containerPortal = E8E3ACAB215B8C750066F4D0 /* Project object */;
			proxyType = 1;
			remoteGlobalIDString = E8E3ACB2215B8C750066F4D0;
			remoteInfo = SWDYD;
		};
		E8E3ACD7215B8C770066F4D0 /* PBXContainerItemProxy */ = {
			isa = PBXContainerItemProxy;
			containerPortal = E8E3ACAB215B8C750066F4D0 /* Project object */;
			proxyType = 1;
			remoteGlobalIDString = E8E3ACB2215B8C750066F4D0;
			remoteInfo = SWDYD;
		};
/* End PBXContainerItemProxy section */

/* Begin PBXFileReference section */
		27984CD53EE2411B7C33873D /* Pods-SWDYD.debug.xcconfig */ = {isa = PBXFileReference; includeInIndex = 1; lastKnownFileType = text.xcconfig; name = "Pods-SWDYD.debug.xcconfig"; path = "Pods/Target Support Files/Pods-SWDYD/Pods-SWDYD.debug.xcconfig"; sourceTree = "<group>"; };
		2E63CA14215FC1D2005BDF92 /* SWMedalHeaderView.h */ = {isa = PBXFileReference; lastKnownFileType = sourcecode.c.h; path = SWMedalHeaderView.h; sourceTree = "<group>"; };
		2E63CA15215FC1D2005BDF92 /* SWMedalHeaderView.m */ = {isa = PBXFileReference; lastKnownFileType = sourcecode.c.objc; path = SWMedalHeaderView.m; sourceTree = "<group>"; };
		5347DD2025907B752079DDDB /* Pods-SWDYD.release.xcconfig */ = {isa = PBXFileReference; includeInIndex = 1; lastKnownFileType = text.xcconfig; name = "Pods-SWDYD.release.xcconfig"; path = "Pods/Target Support Files/Pods-SWDYD/Pods-SWDYD.release.xcconfig"; sourceTree = "<group>"; };
		5ABEBF346D301CE209C5B27C /* libPods-SWDYDTests.a */ = {isa = PBXFileReference; explicitFileType = archive.ar; includeInIndex = 0; path = "libPods-SWDYDTests.a"; sourceTree = BUILT_PRODUCTS_DIR; };
		7FFE410D730D332220AD4556 /* Pods-SWDYDTests.release.xcconfig */ = {isa = PBXFileReference; includeInIndex = 1; lastKnownFileType = text.xcconfig; name = "Pods-SWDYDTests.release.xcconfig"; path = "Pods/Target Support Files/Pods-SWDYDTests/Pods-SWDYDTests.release.xcconfig"; sourceTree = "<group>"; };
		89D90817019B28B7F4E59AAA /* libPods-SWDYDUITests.a */ = {isa = PBXFileReference; explicitFileType = archive.ar; includeInIndex = 0; path = "libPods-SWDYDUITests.a"; sourceTree = BUILT_PRODUCTS_DIR; };
		8E6D7942FE395A202CB844E0 /* Pods-SWDYDUITests.debug.xcconfig */ = {isa = PBXFileReference; includeInIndex = 1; lastKnownFileType = text.xcconfig; name = "Pods-SWDYDUITests.debug.xcconfig"; path = "Pods/Target Support Files/Pods-SWDYDUITests/Pods-SWDYDUITests.debug.xcconfig"; sourceTree = "<group>"; };
		A04F2E404E734F3B043BCE47 /* libPods-SWDYD.a */ = {isa = PBXFileReference; explicitFileType = archive.ar; includeInIndex = 0; path = "libPods-SWDYD.a"; sourceTree = BUILT_PRODUCTS_DIR; };
		BD1C3405E239AF6599D6E567 /* Pods-SWDYDTests.debug.xcconfig */ = {isa = PBXFileReference; includeInIndex = 1; lastKnownFileType = text.xcconfig; name = "Pods-SWDYDTests.debug.xcconfig"; path = "Pods/Target Support Files/Pods-SWDYDTests/Pods-SWDYDTests.debug.xcconfig"; sourceTree = "<group>"; };
		E33DE055328FB65BD76B294C /* Pods-SWDYDUITests.release.xcconfig */ = {isa = PBXFileReference; includeInIndex = 1; lastKnownFileType = text.xcconfig; name = "Pods-SWDYDUITests.release.xcconfig"; path = "Pods/Target Support Files/Pods-SWDYDUITests/Pods-SWDYDUITests.release.xcconfig"; sourceTree = "<group>"; };
		E85A86AB215F0E84002A6A67 /* SWNavigationController.h */ = {isa = PBXFileReference; lastKnownFileType = sourcecode.c.h; path = SWNavigationController.h; sourceTree = "<group>"; };
		E85A86AC215F0E84002A6A67 /* SWNavigationController.m */ = {isa = PBXFileReference; lastKnownFileType = sourcecode.c.objc; path = SWNavigationController.m; sourceTree = "<group>"; };
		E85A86AE215F1D04002A6A67 /* UIViewController+Ext.h */ = {isa = PBXFileReference; lastKnownFileType = sourcecode.c.h; path = "UIViewController+Ext.h"; sourceTree = "<group>"; };
		E85A86AF215F1D04002A6A67 /* UIViewController+Ext.m */ = {isa = PBXFileReference; lastKnownFileType = sourcecode.c.objc; path = "UIViewController+Ext.m"; sourceTree = "<group>"; };
		E85A86B2215F287A002A6A67 /* SWMeCell.h */ = {isa = PBXFileReference; lastKnownFileType = sourcecode.c.h; path = SWMeCell.h; sourceTree = "<group>"; };
		E85A86B3215F287A002A6A67 /* SWMeCell.m */ = {isa = PBXFileReference; lastKnownFileType = sourcecode.c.objc; path = SWMeCell.m; sourceTree = "<group>"; };
		E85A86B6215F2AB5002A6A67 /* SWMeModel.h */ = {isa = PBXFileReference; lastKnownFileType = sourcecode.c.h; path = SWMeModel.h; sourceTree = "<group>"; };
		E85A86B7215F2AB5002A6A67 /* SWMeModel.m */ = {isa = PBXFileReference; lastKnownFileType = sourcecode.c.objc; path = SWMeModel.m; sourceTree = "<group>"; };
		E85A86B9215F6E75002A6A67 /* SWMyMedalViewController.h */ = {isa = PBXFileReference; lastKnownFileType = sourcecode.c.h; path = SWMyMedalViewController.h; sourceTree = "<group>"; };
		E85A86BA215F6E75002A6A67 /* SWMyMedalViewController.m */ = {isa = PBXFileReference; lastKnownFileType = sourcecode.c.objc; path = SWMyMedalViewController.m; sourceTree = "<group>"; };
		E8CA6964215C762F00B7BB75 /* SWMacro.h */ = {isa = PBXFileReference; lastKnownFileType = sourcecode.c.h; path = SWMacro.h; sourceTree = "<group>"; };
		E8CA6965215C765600B7BB75 /* SWConst.h */ = {isa = PBXFileReference; lastKnownFileType = sourcecode.c.h; path = SWConst.h; sourceTree = "<group>"; };
		E8CA6966215C765600B7BB75 /* SWConst.m */ = {isa = PBXFileReference; lastKnownFileType = sourcecode.c.objc; path = SWConst.m; sourceTree = "<group>"; };
		E8CA6968215C7D3600B7BB75 /* SWTableViewController.h */ = {isa = PBXFileReference; lastKnownFileType = sourcecode.c.h; path = SWTableViewController.h; sourceTree = "<group>"; };
		E8CA6969215C7D3600B7BB75 /* SWTableViewController.m */ = {isa = PBXFileReference; lastKnownFileType = sourcecode.c.objc; path = SWTableViewController.m; sourceTree = "<group>"; };
		E8CA6978215C8AF800B7BB75 /* SWNetworkManager.h */ = {isa = PBXFileReference; lastKnownFileType = sourcecode.c.h; path = SWNetworkManager.h; sourceTree = "<group>"; };
		E8CA6979215C8AF800B7BB75 /* SWNetworkManager.m */ = {isa = PBXFileReference; lastKnownFileType = sourcecode.c.objc; path = SWNetworkManager.m; sourceTree = "<group>"; };
		E8CA697E215CA17700B7BB75 /* SWNetWorkApi.h */ = {isa = PBXFileReference; lastKnownFileType = sourcecode.c.h; path = SWNetWorkApi.h; sourceTree = "<group>"; };
		E8CA697F215CA17700B7BB75 /* SWNetWorkApi.m */ = {isa = PBXFileReference; lastKnownFileType = sourcecode.c.objc; path = SWNetWorkApi.m; sourceTree = "<group>"; };
		E8CA6982215CA53800B7BB75 /* mfp.cer */ = {isa = PBXFileReference; lastKnownFileType = file; path = mfp.cer; sourceTree = "<group>"; };
		E8CA6989215CC46800B7BB75 /* SWLoginViewController.h */ = {isa = PBXFileReference; lastKnownFileType = sourcecode.c.h; path = SWLoginViewController.h; sourceTree = "<group>"; };
		E8CA698A215CC46800B7BB75 /* SWLoginViewController.m */ = {isa = PBXFileReference; lastKnownFileType = sourcecode.c.objc; path = SWLoginViewController.m; sourceTree = "<group>"; };
		E8CA698D215CC4B100B7BB75 /* AppDelegate+Login.h */ = {isa = PBXFileReference; lastKnownFileType = sourcecode.c.h; path = "AppDelegate+Login.h"; sourceTree = "<group>"; };
		E8CA698E215CC4B100B7BB75 /* AppDelegate+Login.m */ = {isa = PBXFileReference; lastKnownFileType = sourcecode.c.objc; path = "AppDelegate+Login.m"; sourceTree = "<group>"; };
		E8CA6996215CC66100B7BB75 /* SWRecommandViewController.h */ = {isa = PBXFileReference; fileEncoding = 4; lastKnownFileType = sourcecode.c.h; path = SWRecommandViewController.h; sourceTree = "<group>"; };
		E8CA6997215CC66100B7BB75 /* SWRecommandViewController.m */ = {isa = PBXFileReference; fileEncoding = 4; lastKnownFileType = sourcecode.c.objc; path = SWRecommandViewController.m; sourceTree = "<group>"; };
		E8CA699A215CC66700B7BB75 /* SWVideoViewController.h */ = {isa = PBXFileReference; fileEncoding = 4; lastKnownFileType = sourcecode.c.h; path = SWVideoViewController.h; sourceTree = "<group>"; };
		E8CA699B215CC66700B7BB75 /* SWVideoViewController.m */ = {isa = PBXFileReference; fileEncoding = 4; lastKnownFileType = sourcecode.c.objc; path = SWVideoViewController.m; sourceTree = "<group>"; };
		E8CA69A3215CC6E600B7BB75 /* SWHomeViewController.h */ = {isa = PBXFileReference; fileEncoding = 4; lastKnownFileType = sourcecode.c.h; path = SWHomeViewController.h; sourceTree = "<group>"; };
		E8CA69A4215CC6E600B7BB75 /* SWHomeViewController.m */ = {isa = PBXFileReference; fileEncoding = 4; lastKnownFileType = sourcecode.c.objc; path = SWHomeViewController.m; sourceTree = "<group>"; };
		E8CA69A6215CCA2700B7BB75 /* SWModel.h */ = {isa = PBXFileReference; lastKnownFileType = sourcecode.c.h; path = SWModel.h; sourceTree = "<group>"; };
		E8CA69A7215CCA2700B7BB75 /* SWModel.m */ = {isa = PBXFileReference; lastKnownFileType = sourcecode.c.objc; path = SWModel.m; sourceTree = "<group>"; };
		E8CA69B1215CCC1600B7BB75 /* SWFollowModel.h */ = {isa = PBXFileReference; lastKnownFileType = sourcecode.c.h; path = SWFollowModel.h; sourceTree = "<group>"; };
		E8CA69B2215CCC1600B7BB75 /* SWFollowModel.m */ = {isa = PBXFileReference; lastKnownFileType = sourcecode.c.objc; path = SWFollowModel.m; sourceTree = "<group>"; };
		E8CA69B8215CDAE700B7BB75 /* SWCollectionViewCell.h */ = {isa = PBXFileReference; lastKnownFileType = sourcecode.c.h; path = SWCollectionViewCell.h; sourceTree = "<group>"; };
		E8CA69B9215CDAE700B7BB75 /* SWCollectionViewCell.m */ = {isa = PBXFileReference; lastKnownFileType = sourcecode.c.objc; path = SWCollectionViewCell.m; sourceTree = "<group>"; };
		E8CDDC63215DB4AD00C41A28 /* SWClientManager.h */ = {isa = PBXFileReference; lastKnownFileType = sourcecode.c.h; path = SWClientManager.h; sourceTree = "<group>"; };
		E8CDDC64215DB4AD00C41A28 /* SWClientManager.m */ = {isa = PBXFileReference; lastKnownFileType = sourcecode.c.objc; path = SWClientManager.m; sourceTree = "<group>"; };
		E8CDDC66215DB69900C41A28 /* SWCollectionViewController.h */ = {isa = PBXFileReference; lastKnownFileType = sourcecode.c.h; path = SWCollectionViewController.h; sourceTree = "<group>"; };
		E8CDDC67215DB69900C41A28 /* SWCollectionViewController.m */ = {isa = PBXFileReference; lastKnownFileType = sourcecode.c.objc; path = SWCollectionViewController.m; sourceTree = "<group>"; };
		E8CDDC69215DB78600C41A28 /* SWFollowViewController.h */ = {isa = PBXFileReference; lastKnownFileType = sourcecode.c.h; path = SWFollowViewController.h; sourceTree = "<group>"; };
		E8CDDC6A215DB78600C41A28 /* SWFollowViewController.m */ = {isa = PBXFileReference; lastKnownFileType = sourcecode.c.objc; path = SWFollowViewController.m; sourceTree = "<group>"; };
		E8CDDC72215DC57A00C41A28 /* SWFollowHeaderView.h */ = {isa = PBXFileReference; lastKnownFileType = sourcecode.c.h; path = SWFollowHeaderView.h; sourceTree = "<group>"; };
		E8CDDC73215DC57A00C41A28 /* SWFollowHeaderView.m */ = {isa = PBXFileReference; lastKnownFileType = sourcecode.c.objc; path = SWFollowHeaderView.m; sourceTree = "<group>"; };
		E8CDDC75215DCD6C00C41A28 /* SWFollowFooterView.h */ = {isa = PBXFileReference; lastKnownFileType = sourcecode.c.h; path = SWFollowFooterView.h; sourceTree = "<group>"; };
		E8CDDC76215DCD6C00C41A28 /* SWFollowFooterView.m */ = {isa = PBXFileReference; lastKnownFileType = sourcecode.c.objc; path = SWFollowFooterView.m; sourceTree = "<group>"; };
		E8CDDC78215DD7D700C41A28 /* SWFollowUserCell.h */ = {isa = PBXFileReference; lastKnownFileType = sourcecode.c.h; path = SWFollowUserCell.h; sourceTree = "<group>"; };
		E8CDDC79215DD7D700C41A28 /* SWFollowUserCell.m */ = {isa = PBXFileReference; lastKnownFileType = sourcecode.c.objc; path = SWFollowUserCell.m; sourceTree = "<group>"; };
		E8CDDC7B215DD7EC00C41A28 /* SWFollowAreaCell.h */ = {isa = PBXFileReference; lastKnownFileType = sourcecode.c.h; path = SWFollowAreaCell.h; sourceTree = "<group>"; };
		E8CDDC7C215DD7EC00C41A28 /* SWFollowAreaCell.m */ = {isa = PBXFileReference; lastKnownFileType = sourcecode.c.objc; path = SWFollowAreaCell.m; sourceTree = "<group>"; };
		E8CDDC7E215DF6BD00C41A28 /* SWDYDTool.h */ = {isa = PBXFileReference; lastKnownFileType = sourcecode.c.h; path = SWDYDTool.h; sourceTree = "<group>"; };
		E8CDDC7F215DF6BD00C41A28 /* SWDYDTool.m */ = {isa = PBXFileReference; lastKnownFileType = sourcecode.c.objc; path = SWDYDTool.m; sourceTree = "<group>"; };
		E8CDDC8D215E096700C41A28 /* SWMeViewController.h */ = {isa = PBXFileReference; lastKnownFileType = sourcecode.c.h; path = SWMeViewController.h; sourceTree = "<group>"; };
		E8CDDC8E215E096700C41A28 /* SWMeViewController.m */ = {isa = PBXFileReference; lastKnownFileType = sourcecode.c.objc; path = SWMeViewController.m; sourceTree = "<group>"; };
		E8CDDC92215E28B100C41A28 /* SWSettingViewController.h */ = {isa = PBXFileReference; lastKnownFileType = sourcecode.c.h; path = SWSettingViewController.h; sourceTree = "<group>"; };
		E8CDDC93215E28B100C41A28 /* SWSettingViewController.m */ = {isa = PBXFileReference; lastKnownFileType = sourcecode.c.objc; path = SWSettingViewController.m; sourceTree = "<group>"; };
		E8E3ACB3215B8C750066F4D0 /* SWDYD.app */ = {isa = PBXFileReference; explicitFileType = wrapper.application; includeInIndex = 0; path = SWDYD.app; sourceTree = BUILT_PRODUCTS_DIR; };
		E8E3ACB6215B8C750066F4D0 /* AppDelegate.h */ = {isa = PBXFileReference; lastKnownFileType = sourcecode.c.h; path = AppDelegate.h; sourceTree = "<group>"; };
		E8E3ACB7215B8C750066F4D0 /* AppDelegate.m */ = {isa = PBXFileReference; lastKnownFileType = sourcecode.c.objc; path = AppDelegate.m; sourceTree = "<group>"; };
		E8E3ACBF215B8C770066F4D0 /* Assets.xcassets */ = {isa = PBXFileReference; lastKnownFileType = folder.assetcatalog; path = Assets.xcassets; sourceTree = "<group>"; };
		E8E3ACC2215B8C770066F4D0 /* Base */ = {isa = PBXFileReference; lastKnownFileType = file.storyboard; name = Base; path = Base.lproj/LaunchScreen.storyboard; sourceTree = "<group>"; };
		E8E3ACC4215B8C770066F4D0 /* Info.plist */ = {isa = PBXFileReference; lastKnownFileType = text.plist.xml; path = Info.plist; sourceTree = "<group>"; };
		E8E3ACC5215B8C770066F4D0 /* main.m */ = {isa = PBXFileReference; lastKnownFileType = sourcecode.c.objc; path = main.m; sourceTree = "<group>"; };
		E8E3ACCB215B8C770066F4D0 /* SWDYDTests.xctest */ = {isa = PBXFileReference; explicitFileType = wrapper.cfbundle; includeInIndex = 0; path = SWDYDTests.xctest; sourceTree = BUILT_PRODUCTS_DIR; };
		E8E3ACCF215B8C770066F4D0 /* SWDYDTests.m */ = {isa = PBXFileReference; lastKnownFileType = sourcecode.c.objc; path = SWDYDTests.m; sourceTree = "<group>"; };
		E8E3ACD1215B8C770066F4D0 /* Info.plist */ = {isa = PBXFileReference; lastKnownFileType = text.plist.xml; path = Info.plist; sourceTree = "<group>"; };
		E8E3ACD6215B8C770066F4D0 /* SWDYDUITests.xctest */ = {isa = PBXFileReference; explicitFileType = wrapper.cfbundle; includeInIndex = 0; path = SWDYDUITests.xctest; sourceTree = BUILT_PRODUCTS_DIR; };
		E8E3ACDA215B8C770066F4D0 /* SWDYDUITests.m */ = {isa = PBXFileReference; lastKnownFileType = sourcecode.c.objc; path = SWDYDUITests.m; sourceTree = "<group>"; };
		E8E3ACDC215B8C770066F4D0 /* Info.plist */ = {isa = PBXFileReference; lastKnownFileType = text.plist.xml; path = Info.plist; sourceTree = "<group>"; };
		E8E3ACEC215B8C8C0066F4D0 /* SWTabBarController.h */ = {isa = PBXFileReference; fileEncoding = 4; lastKnownFileType = sourcecode.c.h; path = SWTabBarController.h; sourceTree = "<group>"; };
		E8E3ACED215B8C8C0066F4D0 /* SWTabBarController.m */ = {isa = PBXFileReference; fileEncoding = 4; lastKnownFileType = sourcecode.c.objc; path = SWTabBarController.m; sourceTree = "<group>"; };
		E8E3ACEE215B8C8C0066F4D0 /* SWViewController.h */ = {isa = PBXFileReference; fileEncoding = 4; lastKnownFileType = sourcecode.c.h; path = SWViewController.h; sourceTree = "<group>"; };
		E8E3ACEF215B8C8C0066F4D0 /* SWViewController.m */ = {isa = PBXFileReference; fileEncoding = 4; lastKnownFileType = sourcecode.c.objc; path = SWViewController.m; sourceTree = "<group>"; };
		E8E3ACF4215B8C8D0066F4D0 /* SWTableViewCell.h */ = {isa = PBXFileReference; fileEncoding = 4; lastKnownFileType = sourcecode.c.h; path = SWTableViewCell.h; sourceTree = "<group>"; };
		E8E3ACF5215B8C8D0066F4D0 /* SWTableViewCell.m */ = {isa = PBXFileReference; fileEncoding = 4; lastKnownFileType = sourcecode.c.objc; path = SWTableViewCell.m; sourceTree = "<group>"; };
		E8E3ACFC215B8C9D0066F4D0 /* UIColor+ThemeColor.h */ = {isa = PBXFileReference; fileEncoding = 4; lastKnownFileType = sourcecode.c.h; path = "UIColor+ThemeColor.h"; sourceTree = "<group>"; };
		E8E3ACFD215B8C9D0066F4D0 /* UIColor+ThemeColor.m */ = {isa = PBXFileReference; fileEncoding = 4; lastKnownFileType = sourcecode.c.objc; path = "UIColor+ThemeColor.m"; sourceTree = "<group>"; };
		E8E3AD05215B8D770066F4D0 /* SWDYDPrefixHeader.pch */ = {isa = PBXFileReference; lastKnownFileType = sourcecode.c.h; path = SWDYDPrefixHeader.pch; sourceTree = "<group>"; };
/* End PBXFileReference section */

/* Begin PBXFrameworksBuildPhase section */
		E8E3ACB0215B8C750066F4D0 /* Frameworks */ = {
			isa = PBXFrameworksBuildPhase;
			buildActionMask = 2147483647;
			files = (
				0D3195DEC02A40A20F0FACAB /* libPods-SWDYD.a in Frameworks */,
			);
			runOnlyForDeploymentPostprocessing = 0;
		};
		E8E3ACC8215B8C770066F4D0 /* Frameworks */ = {
			isa = PBXFrameworksBuildPhase;
			buildActionMask = 2147483647;
			files = (
				B3199E8D340A0B53C4F35996 /* libPods-SWDYDTests.a in Frameworks */,
			);
			runOnlyForDeploymentPostprocessing = 0;
		};
		E8E3ACD3215B8C770066F4D0 /* Frameworks */ = {
			isa = PBXFrameworksBuildPhase;
			buildActionMask = 2147483647;
			files = (
				252AF65D52A024C590DA6523 /* libPods-SWDYDUITests.a in Frameworks */,
			);
			runOnlyForDeploymentPostprocessing = 0;
		};
/* End PBXFrameworksBuildPhase section */

/* Begin PBXGroup section */
		0C26982AA99A5C0827BEDEAB /* Pods */ = {
			isa = PBXGroup;
			children = (
				27984CD53EE2411B7C33873D /* Pods-SWDYD.debug.xcconfig */,
				5347DD2025907B752079DDDB /* Pods-SWDYD.release.xcconfig */,
				BD1C3405E239AF6599D6E567 /* Pods-SWDYDTests.debug.xcconfig */,
				7FFE410D730D332220AD4556 /* Pods-SWDYDTests.release.xcconfig */,
				8E6D7942FE395A202CB844E0 /* Pods-SWDYDUITests.debug.xcconfig */,
				E33DE055328FB65BD76B294C /* Pods-SWDYDUITests.release.xcconfig */,
			);
			name = Pods;
			sourceTree = "<group>";
		};
		6B5F367C3C68A53230735C8C /* Frameworks */ = {
			isa = PBXGroup;
			children = (
				A04F2E404E734F3B043BCE47 /* libPods-SWDYD.a */,
				5ABEBF346D301CE209C5B27C /* libPods-SWDYDTests.a */,
				89D90817019B28B7F4E59AAA /* libPods-SWDYDUITests.a */,
			);
			name = Frameworks;
			sourceTree = "<group>";
		};
		E85A86B1215F285C002A6A67 /* View */ = {
			isa = PBXGroup;
			children = (
				E85A86B2215F287A002A6A67 /* SWMeCell.h */,
				E85A86B3215F287A002A6A67 /* SWMeCell.m */,
				2E63CA14215FC1D2005BDF92 /* SWMedalHeaderView.h */,
				2E63CA15215FC1D2005BDF92 /* SWMedalHeaderView.m */,
			);
			path = View;
			sourceTree = "<group>";
		};
		E85A86B5215F2AA8002A6A67 /* Model */ = {
			isa = PBXGroup;
			children = (
				E85A86B6215F2AB5002A6A67 /* SWMeModel.h */,
				E85A86B7215F2AB5002A6A67 /* SWMeModel.m */,
			);
			path = Model;
			sourceTree = "<group>";
		};
		E8CA6963215C761400B7BB75 /* Macro */ = {
			isa = PBXGroup;
			children = (
				E8CA6964215C762F00B7BB75 /* SWMacro.h */,
				E8CA6965215C765600B7BB75 /* SWConst.h */,
				E8CA6966215C765600B7BB75 /* SWConst.m */,
			);
			path = Macro;
			sourceTree = "<group>";
		};
		E8CA6977215C88EB00B7BB75 /* Network */ = {
			isa = PBXGroup;
			children = (
				E8CA6978215C8AF800B7BB75 /* SWNetworkManager.h */,
				E8CA6979215C8AF800B7BB75 /* SWNetworkManager.m */,
				E8CA697E215CA17700B7BB75 /* SWNetWorkApi.h */,
				E8CA697F215CA17700B7BB75 /* SWNetWorkApi.m */,
			);
			path = Network;
			sourceTree = "<group>";
		};
		E8CA6981215CA53000B7BB75 /* Resource */ = {
			isa = PBXGroup;
			children = (
				E8CA6982215CA53800B7BB75 /* mfp.cer */,
			);
			path = Resource;
			sourceTree = "<group>";
		};
		E8CA6984215CBF7B00B7BB75 /* Tool */ = {
			isa = PBXGroup;
			children = (
				E8CDDC63215DB4AD00C41A28 /* SWClientManager.h */,
				E8CDDC64215DB4AD00C41A28 /* SWClientManager.m */,
				E8CDDC7E215DF6BD00C41A28 /* SWDYDTool.h */,
				E8CDDC7F215DF6BD00C41A28 /* SWDYDTool.m */,
			);
			path = Tool;
			sourceTree = "<group>";
		};
		E8CA6988215CC38600B7BB75 /* Login */ = {
			isa = PBXGroup;
			children = (
				E8CA6989215CC46800B7BB75 /* SWLoginViewController.h */,
				E8CA698A215CC46800B7BB75 /* SWLoginViewController.m */,
			);
			path = Login;
			sourceTree = "<group>";
		};
		E8CA698C215CC49000B7BB75 /* AppDelegate */ = {
			isa = PBXGroup;
			children = (
				E8E3ACB6215B8C750066F4D0 /* AppDelegate.h */,
				E8E3ACB7215B8C750066F4D0 /* AppDelegate.m */,
				E8CA698D215CC4B100B7BB75 /* AppDelegate+Login.h */,
				E8CA698E215CC4B100B7BB75 /* AppDelegate+Login.m */,
			);
			path = AppDelegate;
			sourceTree = "<group>";
		};
		E8CA6990215CC64E00B7BB75 /* Main */ = {
			isa = PBXGroup;
			children = (
				E8CA69A3215CC6E600B7BB75 /* SWHomeViewController.h */,
				E8CA69A4215CC6E600B7BB75 /* SWHomeViewController.m */,
			);
			path = Main;
			sourceTree = "<group>";
		};
		E8CA6991215CC65A00B7BB75 /* Follow */ = {
			isa = PBXGroup;
			children = (
				E8CA69B4215CD73500B7BB75 /* View */,
				E8CA69AD215CCAD500B7BB75 /* Model */,
				E8CA69A9215CCACC00B7BB75 /* Controller */,
			);
			name = Follow;
			path = Controller/Follow;
			sourceTree = "<group>";
		};
		E8CA6995215CC66100B7BB75 /* Recommand */ = {
			isa = PBXGroup;
			children = (
				E8CA6996215CC66100B7BB75 /* SWRecommandViewController.h */,
				E8CA6997215CC66100B7BB75 /* SWRecommandViewController.m */,
			);
			name = Recommand;
			path = Controller/Recommand;
			sourceTree = "<group>";
		};
		E8CA6999215CC66700B7BB75 /* Video */ = {
			isa = PBXGroup;
			children = (
				E8CA699A215CC66700B7BB75 /* SWVideoViewController.h */,
				E8CA699B215CC66700B7BB75 /* SWVideoViewController.m */,
			);
			name = Video;
			path = Controller/Video;
			sourceTree = "<group>";
		};
		E8CA69A9215CCACC00B7BB75 /* Controller */ = {
			isa = PBXGroup;
			children = (
				E8CDDC69215DB78600C41A28 /* SWFollowViewController.h */,
				E8CDDC6A215DB78600C41A28 /* SWFollowViewController.m */,
			);
			path = Controller;
			sourceTree = "<group>";
		};
		E8CA69AD215CCAD500B7BB75 /* Model */ = {
			isa = PBXGroup;
			children = (
				E8CA69B1215CCC1600B7BB75 /* SWFollowModel.h */,
				E8CA69B2215CCC1600B7BB75 /* SWFollowModel.m */,
			);
			path = Model;
			sourceTree = "<group>";
		};
		E8CA69B4215CD73500B7BB75 /* View */ = {
			isa = PBXGroup;
			children = (
				E8CDDC72215DC57A00C41A28 /* SWFollowHeaderView.h */,
				E8CDDC73215DC57A00C41A28 /* SWFollowHeaderView.m */,
				E8CDDC75215DCD6C00C41A28 /* SWFollowFooterView.h */,
				E8CDDC76215DCD6C00C41A28 /* SWFollowFooterView.m */,
				E8CDDC78215DD7D700C41A28 /* SWFollowUserCell.h */,
				E8CDDC79215DD7D700C41A28 /* SWFollowUserCell.m */,
				E8CDDC7B215DD7EC00C41A28 /* SWFollowAreaCell.h */,
				E8CDDC7C215DD7EC00C41A28 /* SWFollowAreaCell.m */,
			);
			path = View;
			sourceTree = "<group>";
		};
		E8CDDC8A215E092A00C41A28 /* Me */ = {
			isa = PBXGroup;
			children = (
				E8CDDC90215E288700C41A28 /* Setting */,
				E8CDDC8B215E093500C41A28 /* Main */,
			);
			path = Me;
			sourceTree = "<group>";
		};
		E8CDDC8B215E093500C41A28 /* Main */ = {
			isa = PBXGroup;
			children = (
				E85A86B5215F2AA8002A6A67 /* Model */,
				E85A86B1215F285C002A6A67 /* View */,
				E8CDDC8C215E094300C41A28 /* Controller */,
			);
			path = Main;
			sourceTree = "<group>";
		};
		E8CDDC8C215E094300C41A28 /* Controller */ = {
			isa = PBXGroup;
			children = (
				E8CDDC8D215E096700C41A28 /* SWMeViewController.h */,
				E8CDDC8E215E096700C41A28 /* SWMeViewController.m */,
				E85A86B9215F6E75002A6A67 /* SWMyMedalViewController.h */,
				E85A86BA215F6E75002A6A67 /* SWMyMedalViewController.m */,
			);
			path = Controller;
			sourceTree = "<group>";
		};
		E8CDDC90215E288700C41A28 /* Setting */ = {
			isa = PBXGroup;
			children = (
				E8CDDC91215E289300C41A28 /* Controller */,
			);
			path = Setting;
			sourceTree = "<group>";
		};
		E8CDDC91215E289300C41A28 /* Controller */ = {
			isa = PBXGroup;
			children = (
				E8CDDC92215E28B100C41A28 /* SWSettingViewController.h */,
				E8CDDC93215E28B100C41A28 /* SWSettingViewController.m */,
			);
			path = Controller;
			sourceTree = "<group>";
		};
		E8E3ACAA215B8C750066F4D0 = {
			isa = PBXGroup;
			children = (
				E8E3ACB5215B8C750066F4D0 /* SWDYD */,
				E8E3ACCE215B8C770066F4D0 /* SWDYDTests */,
				E8E3ACD9215B8C770066F4D0 /* SWDYDUITests */,
				E8E3ACB4215B8C750066F4D0 /* Products */,
				0C26982AA99A5C0827BEDEAB /* Pods */,
				6B5F367C3C68A53230735C8C /* Frameworks */,
			);
			sourceTree = "<group>";
		};
		E8E3ACB4215B8C750066F4D0 /* Products */ = {
			isa = PBXGroup;
			children = (
				E8E3ACB3215B8C750066F4D0 /* SWDYD.app */,
				E8E3ACCB215B8C770066F4D0 /* SWDYDTests.xctest */,
				E8E3ACD6215B8C770066F4D0 /* SWDYDUITests.xctest */,
			);
			name = Products;
			sourceTree = "<group>";
		};
		E8E3ACB5215B8C750066F4D0 /* SWDYD */ = {
			isa = PBXGroup;
			children = (
				E8CA698C215CC49000B7BB75 /* AppDelegate */,
				E8CA6984215CBF7B00B7BB75 /* Tool */,
				E8CA6977215C88EB00B7BB75 /* Network */,
				E8CA6963215C761400B7BB75 /* Macro */,
				E8E3ACFB215B8C9D0066F4D0 /* Category */,
				E8E3ACE8215B8C8C0066F4D0 /* Base */,
				E8E3ACFF215B8CA70066F4D0 /* Sections */,
				E8CA6981215CA53000B7BB75 /* Resource */,
				E8E3ACBF215B8C770066F4D0 /* Assets.xcassets */,
				E8E3ACC1215B8C770066F4D0 /* LaunchScreen.storyboard */,
				E8E3ACC4215B8C770066F4D0 /* Info.plist */,
				E8E3ACC5215B8C770066F4D0 /* main.m */,
				E8E3AD05215B8D770066F4D0 /* SWDYDPrefixHeader.pch */,
			);
			path = SWDYD;
			sourceTree = "<group>";
		};
		E8E3ACCE215B8C770066F4D0 /* SWDYDTests */ = {
			isa = PBXGroup;
			children = (
				E8E3ACCF215B8C770066F4D0 /* SWDYDTests.m */,
				E8E3ACD1215B8C770066F4D0 /* Info.plist */,
			);
			path = SWDYDTests;
			sourceTree = "<group>";
		};
		E8E3ACD9215B8C770066F4D0 /* SWDYDUITests */ = {
			isa = PBXGroup;
			children = (
				E8E3ACDA215B8C770066F4D0 /* SWDYDUITests.m */,
				E8E3ACDC215B8C770066F4D0 /* Info.plist */,
			);
			path = SWDYDUITests;
			sourceTree = "<group>";
		};
		E8E3ACE8215B8C8C0066F4D0 /* Base */ = {
			isa = PBXGroup;
			children = (
				E8E3ACE9215B8C8C0066F4D0 /* Controller */,
				E8E3ACF0215B8C8C0066F4D0 /* Model */,
				E8E3ACF3215B8C8D0066F4D0 /* View */,
			);
			path = Base;
			sourceTree = "<group>";
		};
		E8E3ACE9215B8C8C0066F4D0 /* Controller */ = {
			isa = PBXGroup;
			children = (
				E8E3ACEC215B8C8C0066F4D0 /* SWTabBarController.h */,
				E8E3ACED215B8C8C0066F4D0 /* SWTabBarController.m */,
				E8E3ACEE215B8C8C0066F4D0 /* SWViewController.h */,
				E8E3ACEF215B8C8C0066F4D0 /* SWViewController.m */,
				E8CA6968215C7D3600B7BB75 /* SWTableViewController.h */,
				E8CA6969215C7D3600B7BB75 /* SWTableViewController.m */,
				E8CDDC66215DB69900C41A28 /* SWCollectionViewController.h */,
				E8CDDC67215DB69900C41A28 /* SWCollectionViewController.m */,
				E85A86AB215F0E84002A6A67 /* SWNavigationController.h */,
				E85A86AC215F0E84002A6A67 /* SWNavigationController.m */,
			);
			path = Controller;
			sourceTree = "<group>";
		};
		E8E3ACF0215B8C8C0066F4D0 /* Model */ = {
			isa = PBXGroup;
			children = (
				E8CA69A6215CCA2700B7BB75 /* SWModel.h */,
				E8CA69A7215CCA2700B7BB75 /* SWModel.m */,
			);
			path = Model;
			sourceTree = "<group>";
		};
		E8E3ACF3215B8C8D0066F4D0 /* View */ = {
			isa = PBXGroup;
			children = (
				E8E3ACF4215B8C8D0066F4D0 /* SWTableViewCell.h */,
				E8E3ACF5215B8C8D0066F4D0 /* SWTableViewCell.m */,
				E8CA69B8215CDAE700B7BB75 /* SWCollectionViewCell.h */,
				E8CA69B9215CDAE700B7BB75 /* SWCollectionViewCell.m */,
			);
			path = View;
			sourceTree = "<group>";
		};
		E8E3ACFB215B8C9D0066F4D0 /* Category */ = {
			isa = PBXGroup;
			children = (
				E8E3ACFC215B8C9D0066F4D0 /* UIColor+ThemeColor.h */,
				E8E3ACFD215B8C9D0066F4D0 /* UIColor+ThemeColor.m */,
				E85A86AE215F1D04002A6A67 /* UIViewController+Ext.h */,
				E85A86AF215F1D04002A6A67 /* UIViewController+Ext.m */,
			);
			path = Category;
			sourceTree = "<group>";
		};
		E8E3ACFF215B8CA70066F4D0 /* Sections */ = {
			isa = PBXGroup;
			children = (
				E8CDDC8A215E092A00C41A28 /* Me */,
				E8E3AD00215B8CA70066F4D0 /* Home */,
				E8CA6988215CC38600B7BB75 /* Login */,
			);
			path = Sections;
			sourceTree = "<group>";
		};
		E8E3AD00215B8CA70066F4D0 /* Home */ = {
			isa = PBXGroup;
			children = (
				E8CA6999215CC66700B7BB75 /* Video */,
				E8CA6995215CC66100B7BB75 /* Recommand */,
				E8CA6991215CC65A00B7BB75 /* Follow */,
				E8CA6990215CC64E00B7BB75 /* Main */,
			);
			path = Home;
			sourceTree = "<group>";
		};
/* End PBXGroup section */

/* Begin PBXNativeTarget section */
		E8E3ACB2215B8C750066F4D0 /* SWDYD */ = {
			isa = PBXNativeTarget;
			buildConfigurationList = E8E3ACDF215B8C770066F4D0 /* Build configuration list for PBXNativeTarget "SWDYD" */;
			buildPhases = (
				EB56B12109710E2F7880F9B3 /* [CP] Check Pods Manifest.lock */,
				E8E3ACAF215B8C750066F4D0 /* Sources */,
				E8E3ACB0215B8C750066F4D0 /* Frameworks */,
				E8E3ACB1215B8C750066F4D0 /* Resources */,
				12437CC4285873393CB82D41 /* [CP] Copy Pods Resources */,
			);
			buildRules = (
			);
			dependencies = (
			);
			name = SWDYD;
			productName = SWDYD;
			productReference = E8E3ACB3215B8C750066F4D0 /* SWDYD.app */;
			productType = "com.apple.product-type.application";
		};
		E8E3ACCA215B8C770066F4D0 /* SWDYDTests */ = {
			isa = PBXNativeTarget;
			buildConfigurationList = E8E3ACE2215B8C770066F4D0 /* Build configuration list for PBXNativeTarget "SWDYDTests" */;
			buildPhases = (
				7655AC4544936AB005982790 /* [CP] Check Pods Manifest.lock */,
				E8E3ACC7215B8C770066F4D0 /* Sources */,
				E8E3ACC8215B8C770066F4D0 /* Frameworks */,
				E8E3ACC9215B8C770066F4D0 /* Resources */,
			);
			buildRules = (
			);
			dependencies = (
				E8E3ACCD215B8C770066F4D0 /* PBXTargetDependency */,
			);
			name = SWDYDTests;
			productName = SWDYDTests;
			productReference = E8E3ACCB215B8C770066F4D0 /* SWDYDTests.xctest */;
			productType = "com.apple.product-type.bundle.unit-test";
		};
		E8E3ACD5215B8C770066F4D0 /* SWDYDUITests */ = {
			isa = PBXNativeTarget;
			buildConfigurationList = E8E3ACE5215B8C770066F4D0 /* Build configuration list for PBXNativeTarget "SWDYDUITests" */;
			buildPhases = (
				BF7CE752050738B672A2CF77 /* [CP] Check Pods Manifest.lock */,
				E8E3ACD2215B8C770066F4D0 /* Sources */,
				E8E3ACD3215B8C770066F4D0 /* Frameworks */,
				E8E3ACD4215B8C770066F4D0 /* Resources */,
			);
			buildRules = (
			);
			dependencies = (
				E8E3ACD8215B8C770066F4D0 /* PBXTargetDependency */,
			);
			name = SWDYDUITests;
			productName = SWDYDUITests;
			productReference = E8E3ACD6215B8C770066F4D0 /* SWDYDUITests.xctest */;
			productType = "com.apple.product-type.bundle.ui-testing";
		};
/* End PBXNativeTarget section */

/* Begin PBXProject section */
		E8E3ACAB215B8C750066F4D0 /* Project object */ = {
			isa = PBXProject;
			attributes = {
				LastUpgradeCheck = 0940;
				ORGANIZATIONNAME = selwyn;
				TargetAttributes = {
					E8E3ACB2215B8C750066F4D0 = {
						CreatedOnToolsVersion = 9.4.1;
					};
					E8E3ACCA215B8C770066F4D0 = {
						CreatedOnToolsVersion = 9.4.1;
						TestTargetID = E8E3ACB2215B8C750066F4D0;
					};
					E8E3ACD5215B8C770066F4D0 = {
						CreatedOnToolsVersion = 9.4.1;
						TestTargetID = E8E3ACB2215B8C750066F4D0;
					};
				};
			};
			buildConfigurationList = E8E3ACAE215B8C750066F4D0 /* Build configuration list for PBXProject "SWDYD" */;
			compatibilityVersion = "Xcode 9.3";
			developmentRegion = en;
			hasScannedForEncodings = 0;
			knownRegions = (
				en,
				Base,
			);
			mainGroup = E8E3ACAA215B8C750066F4D0;
			productRefGroup = E8E3ACB4215B8C750066F4D0 /* Products */;
			projectDirPath = "";
			projectRoot = "";
			targets = (
				E8E3ACB2215B8C750066F4D0 /* SWDYD */,
				E8E3ACCA215B8C770066F4D0 /* SWDYDTests */,
				E8E3ACD5215B8C770066F4D0 /* SWDYDUITests */,
			);
		};
/* End PBXProject section */

/* Begin PBXResourcesBuildPhase section */
		E8E3ACB1215B8C750066F4D0 /* Resources */ = {
			isa = PBXResourcesBuildPhase;
			buildActionMask = 2147483647;
			files = (
				E8CA6983215CA53800B7BB75 /* mfp.cer in Resources */,
				E8E3ACC3215B8C770066F4D0 /* LaunchScreen.storyboard in Resources */,
				E8E3ACC0215B8C770066F4D0 /* Assets.xcassets in Resources */,
			);
			runOnlyForDeploymentPostprocessing = 0;
		};
		E8E3ACC9215B8C770066F4D0 /* Resources */ = {
			isa = PBXResourcesBuildPhase;
			buildActionMask = 2147483647;
			files = (
			);
			runOnlyForDeploymentPostprocessing = 0;
		};
		E8E3ACD4215B8C770066F4D0 /* Resources */ = {
			isa = PBXResourcesBuildPhase;
			buildActionMask = 2147483647;
			files = (
			);
			runOnlyForDeploymentPostprocessing = 0;
		};
/* End PBXResourcesBuildPhase section */

/* Begin PBXShellScriptBuildPhase section */
		12437CC4285873393CB82D41 /* [CP] Copy Pods Resources */ = {
			isa = PBXShellScriptBuildPhase;
			buildActionMask = 2147483647;
			files = (
			);
			inputPaths = (
				"${SRCROOT}/Pods/Target Support Files/Pods-SWDYD/Pods-SWDYD-resources.sh",
				"${PODS_ROOT}/MJRefresh/MJRefresh/MJRefresh.bundle",
			);
			name = "[CP] Copy Pods Resources";
			outputPaths = (
				"${TARGET_BUILD_DIR}/${UNLOCALIZED_RESOURCES_FOLDER_PATH}/MJRefresh.bundle",
			);
			runOnlyForDeploymentPostprocessing = 0;
			shellPath = /bin/sh;
			shellScript = "\"${SRCROOT}/Pods/Target Support Files/Pods-SWDYD/Pods-SWDYD-resources.sh\"\n";
			showEnvVarsInLog = 0;
		};
		7655AC4544936AB005982790 /* [CP] Check Pods Manifest.lock */ = {
			isa = PBXShellScriptBuildPhase;
			buildActionMask = 2147483647;
			files = (
			);
			inputPaths = (
				"${PODS_PODFILE_DIR_PATH}/Podfile.lock",
				"${PODS_ROOT}/Manifest.lock",
			);
			name = "[CP] Check Pods Manifest.lock";
			outputPaths = (
				"$(DERIVED_FILE_DIR)/Pods-SWDYDTests-checkManifestLockResult.txt",
			);
			runOnlyForDeploymentPostprocessing = 0;
			shellPath = /bin/sh;
			shellScript = "diff \"${PODS_PODFILE_DIR_PATH}/Podfile.lock\" \"${PODS_ROOT}/Manifest.lock\" > /dev/null\nif [ $? != 0 ] ; then\n    # print error to STDERR\n    echo \"error: The sandbox is not in sync with the Podfile.lock. Run 'pod install' or update your CocoaPods installation.\" >&2\n    exit 1\nfi\n# This output is used by Xcode 'outputs' to avoid re-running this script phase.\necho \"SUCCESS\" > \"${SCRIPT_OUTPUT_FILE_0}\"\n";
			showEnvVarsInLog = 0;
		};
		BF7CE752050738B672A2CF77 /* [CP] Check Pods Manifest.lock */ = {
			isa = PBXShellScriptBuildPhase;
			buildActionMask = 2147483647;
			files = (
			);
			inputPaths = (
				"${PODS_PODFILE_DIR_PATH}/Podfile.lock",
				"${PODS_ROOT}/Manifest.lock",
			);
			name = "[CP] Check Pods Manifest.lock";
			outputPaths = (
				"$(DERIVED_FILE_DIR)/Pods-SWDYDUITests-checkManifestLockResult.txt",
			);
			runOnlyForDeploymentPostprocessing = 0;
			shellPath = /bin/sh;
			shellScript = "diff \"${PODS_PODFILE_DIR_PATH}/Podfile.lock\" \"${PODS_ROOT}/Manifest.lock\" > /dev/null\nif [ $? != 0 ] ; then\n    # print error to STDERR\n    echo \"error: The sandbox is not in sync with the Podfile.lock. Run 'pod install' or update your CocoaPods installation.\" >&2\n    exit 1\nfi\n# This output is used by Xcode 'outputs' to avoid re-running this script phase.\necho \"SUCCESS\" > \"${SCRIPT_OUTPUT_FILE_0}\"\n";
			showEnvVarsInLog = 0;
		};
		EB56B12109710E2F7880F9B3 /* [CP] Check Pods Manifest.lock */ = {
			isa = PBXShellScriptBuildPhase;
			buildActionMask = 2147483647;
			files = (
			);
			inputPaths = (
				"${PODS_PODFILE_DIR_PATH}/Podfile.lock",
				"${PODS_ROOT}/Manifest.lock",
			);
			name = "[CP] Check Pods Manifest.lock";
			outputPaths = (
				"$(DERIVED_FILE_DIR)/Pods-SWDYD-checkManifestLockResult.txt",
			);
			runOnlyForDeploymentPostprocessing = 0;
			shellPath = /bin/sh;
			shellScript = "diff \"${PODS_PODFILE_DIR_PATH}/Podfile.lock\" \"${PODS_ROOT}/Manifest.lock\" > /dev/null\nif [ $? != 0 ] ; then\n    # print error to STDERR\n    echo \"error: The sandbox is not in sync with the Podfile.lock. Run 'pod install' or update your CocoaPods installation.\" >&2\n    exit 1\nfi\n# This output is used by Xcode 'outputs' to avoid re-running this script phase.\necho \"SUCCESS\" > \"${SCRIPT_OUTPUT_FILE_0}\"\n";
			showEnvVarsInLog = 0;
		};
/* End PBXShellScriptBuildPhase section */

/* Begin PBXSourcesBuildPhase section */
		E8E3ACAF215B8C750066F4D0 /* Sources */ = {
			isa = PBXSourcesBuildPhase;
			buildActionMask = 2147483647;
			files = (
				E8E3ACF8215B8C8D0066F4D0 /* SWViewController.m in Sources */,
				E8CA698F215CC4B100B7BB75 /* AppDelegate+Login.m in Sources */,
				E85A86BB215F6E75002A6A67 /* SWMyMedalViewController.m in Sources */,
				E8E3ACFA215B8C8D0066F4D0 /* SWTableViewCell.m in Sources */,
				E8CA69B3215CCC1600B7BB75 /* SWFollowModel.m in Sources */,
				2E63CA16215FC1D2005BDF92 /* SWMedalHeaderView.m in Sources */,
				E8CDDC7D215DD7EC00C41A28 /* SWFollowAreaCell.m in Sources */,
				E8CDDC74215DC57A00C41A28 /* SWFollowHeaderView.m in Sources */,
				E8CA697A215C8AF800B7BB75 /* SWNetworkManager.m in Sources */,
				E85A86AD215F0E84002A6A67 /* SWNavigationController.m in Sources */,
				E8CDDC77215DCD6C00C41A28 /* SWFollowFooterView.m in Sources */,
				E8CA696A215C7D3600B7BB75 /* SWTableViewController.m in Sources */,
				E85A86B4215F287A002A6A67 /* SWMeCell.m in Sources */,
				E8CDDC68215DB69900C41A28 /* SWCollectionViewController.m in Sources */,
				E8CDDC6B215DB78600C41A28 /* SWFollowViewController.m in Sources */,
				E8CDDC65215DB4AD00C41A28 /* SWClientManager.m in Sources */,
				E8E3ACFE215B8C9D0066F4D0 /* UIColor+ThemeColor.m in Sources */,
				E8CA6980215CA17700B7BB75 /* SWNetWorkApi.m in Sources */,
				E8CDDC80215DF6BD00C41A28 /* SWDYDTool.m in Sources */,
				E8CA6967215C765600B7BB75 /* SWConst.m in Sources */,
				E8CA699C215CC66700B7BB75 /* SWVideoViewController.m in Sources */,
				E85A86B8215F2AB5002A6A67 /* SWMeModel.m in Sources */,
				E8CDDC94215E28B100C41A28 /* SWSettingViewController.m in Sources */,
				E8E3ACF7215B8C8D0066F4D0 /* SWTabBarController.m in Sources */,
				E85A86B0215F1D04002A6A67 /* UIViewController+Ext.m in Sources */,
				E8CA69A8215CCA2700B7BB75 /* SWModel.m in Sources */,
				E8CA6998215CC66100B7BB75 /* SWRecommandViewController.m in Sources */,
				E8CA69A5215CC6E600B7BB75 /* SWHomeViewController.m in Sources */,
				E8E3ACC6215B8C770066F4D0 /* main.m in Sources */,
				E8E3ACB8215B8C750066F4D0 /* AppDelegate.m in Sources */,
				E8CA698B215CC46800B7BB75 /* SWLoginViewController.m in Sources */,
				E8CA69BA215CDAE700B7BB75 /* SWCollectionViewCell.m in Sources */,
				E8CDDC8F215E096700C41A28 /* SWMeViewController.m in Sources */,
				E8CDDC7A215DD7D700C41A28 /* SWFollowUserCell.m in Sources */,
			);
			runOnlyForDeploymentPostprocessing = 0;
		};
		E8E3ACC7215B8C770066F4D0 /* Sources */ = {
			isa = PBXSourcesBuildPhase;
			buildActionMask = 2147483647;
			files = (
				E8E3ACD0215B8C770066F4D0 /* SWDYDTests.m in Sources */,
			);
			runOnlyForDeploymentPostprocessing = 0;
		};
		E8E3ACD2215B8C770066F4D0 /* Sources */ = {
			isa = PBXSourcesBuildPhase;
			buildActionMask = 2147483647;
			files = (
				E8E3ACDB215B8C770066F4D0 /* SWDYDUITests.m in Sources */,
			);
			runOnlyForDeploymentPostprocessing = 0;
		};
/* End PBXSourcesBuildPhase section */

/* Begin PBXTargetDependency section */
		E8E3ACCD215B8C770066F4D0 /* PBXTargetDependency */ = {
			isa = PBXTargetDependency;
			target = E8E3ACB2215B8C750066F4D0 /* SWDYD */;
			targetProxy = E8E3ACCC215B8C770066F4D0 /* PBXContainerItemProxy */;
		};
		E8E3ACD8215B8C770066F4D0 /* PBXTargetDependency */ = {
			isa = PBXTargetDependency;
			target = E8E3ACB2215B8C750066F4D0 /* SWDYD */;
			targetProxy = E8E3ACD7215B8C770066F4D0 /* PBXContainerItemProxy */;
		};
/* End PBXTargetDependency section */

/* Begin PBXVariantGroup section */
		E8E3ACC1215B8C770066F4D0 /* LaunchScreen.storyboard */ = {
			isa = PBXVariantGroup;
			children = (
				E8E3ACC2215B8C770066F4D0 /* Base */,
			);
			name = LaunchScreen.storyboard;
			sourceTree = "<group>";
		};
/* End PBXVariantGroup section */

/* Begin XCBuildConfiguration section */
		E8E3ACDD215B8C770066F4D0 /* Debug */ = {
			isa = XCBuildConfiguration;
			buildSettings = {
				ALWAYS_SEARCH_USER_PATHS = NO;
				CLANG_ANALYZER_NONNULL = YES;
				CLANG_ANALYZER_NUMBER_OBJECT_CONVERSION = YES_AGGRESSIVE;
				CLANG_CXX_LANGUAGE_STANDARD = "gnu++14";
				CLANG_CXX_LIBRARY = "libc++";
				CLANG_ENABLE_MODULES = YES;
				CLANG_ENABLE_OBJC_ARC = YES;
				CLANG_ENABLE_OBJC_WEAK = YES;
				CLANG_WARN_BLOCK_CAPTURE_AUTORELEASING = YES;
				CLANG_WARN_BOOL_CONVERSION = YES;
				CLANG_WARN_COMMA = YES;
				CLANG_WARN_CONSTANT_CONVERSION = YES;
				CLANG_WARN_DEPRECATED_OBJC_IMPLEMENTATIONS = YES;
				CLANG_WARN_DIRECT_OBJC_ISA_USAGE = YES_ERROR;
				CLANG_WARN_DOCUMENTATION_COMMENTS = YES;
				CLANG_WARN_EMPTY_BODY = YES;
				CLANG_WARN_ENUM_CONVERSION = YES;
				CLANG_WARN_INFINITE_RECURSION = YES;
				CLANG_WARN_INT_CONVERSION = YES;
				CLANG_WARN_NON_LITERAL_NULL_CONVERSION = YES;
				CLANG_WARN_OBJC_IMPLICIT_RETAIN_SELF = YES;
				CLANG_WARN_OBJC_LITERAL_CONVERSION = YES;
				CLANG_WARN_OBJC_ROOT_CLASS = YES_ERROR;
				CLANG_WARN_RANGE_LOOP_ANALYSIS = YES;
				CLANG_WARN_STRICT_PROTOTYPES = YES;
				CLANG_WARN_SUSPICIOUS_MOVE = YES;
				CLANG_WARN_UNGUARDED_AVAILABILITY = YES_AGGRESSIVE;
				CLANG_WARN_UNREACHABLE_CODE = YES;
				CLANG_WARN__DUPLICATE_METHOD_MATCH = YES;
				CODE_SIGN_IDENTITY = "iPhone Developer";
				COPY_PHASE_STRIP = NO;
				DEBUG_INFORMATION_FORMAT = dwarf;
				ENABLE_STRICT_OBJC_MSGSEND = YES;
				ENABLE_TESTABILITY = YES;
				GCC_C_LANGUAGE_STANDARD = gnu11;
				GCC_DYNAMIC_NO_PIC = NO;
				GCC_NO_COMMON_BLOCKS = YES;
				GCC_OPTIMIZATION_LEVEL = 0;
				GCC_PREPROCESSOR_DEFINITIONS = (
					"DEBUG=1",
					"$(inherited)",
				);
				GCC_WARN_64_TO_32_BIT_CONVERSION = YES;
				GCC_WARN_ABOUT_RETURN_TYPE = YES_ERROR;
				GCC_WARN_UNDECLARED_SELECTOR = YES;
				GCC_WARN_UNINITIALIZED_AUTOS = YES_AGGRESSIVE;
				GCC_WARN_UNUSED_FUNCTION = YES;
				GCC_WARN_UNUSED_VARIABLE = YES;
				IPHONEOS_DEPLOYMENT_TARGET = 11.4;
				MTL_ENABLE_DEBUG_INFO = YES;
				ONLY_ACTIVE_ARCH = YES;
				SDKROOT = iphoneos;
			};
			name = Debug;
		};
		E8E3ACDE215B8C770066F4D0 /* Release */ = {
			isa = XCBuildConfiguration;
			buildSettings = {
				ALWAYS_SEARCH_USER_PATHS = NO;
				CLANG_ANALYZER_NONNULL = YES;
				CLANG_ANALYZER_NUMBER_OBJECT_CONVERSION = YES_AGGRESSIVE;
				CLANG_CXX_LANGUAGE_STANDARD = "gnu++14";
				CLANG_CXX_LIBRARY = "libc++";
				CLANG_ENABLE_MODULES = YES;
				CLANG_ENABLE_OBJC_ARC = YES;
				CLANG_ENABLE_OBJC_WEAK = YES;
				CLANG_WARN_BLOCK_CAPTURE_AUTORELEASING = YES;
				CLANG_WARN_BOOL_CONVERSION = YES;
				CLANG_WARN_COMMA = YES;
				CLANG_WARN_CONSTANT_CONVERSION = YES;
				CLANG_WARN_DEPRECATED_OBJC_IMPLEMENTATIONS = YES;
				CLANG_WARN_DIRECT_OBJC_ISA_USAGE = YES_ERROR;
				CLANG_WARN_DOCUMENTATION_COMMENTS = YES;
				CLANG_WARN_EMPTY_BODY = YES;
				CLANG_WARN_ENUM_CONVERSION = YES;
				CLANG_WARN_INFINITE_RECURSION = YES;
				CLANG_WARN_INT_CONVERSION = YES;
				CLANG_WARN_NON_LITERAL_NULL_CONVERSION = YES;
				CLANG_WARN_OBJC_IMPLICIT_RETAIN_SELF = YES;
				CLANG_WARN_OBJC_LITERAL_CONVERSION = YES;
				CLANG_WARN_OBJC_ROOT_CLASS = YES_ERROR;
				CLANG_WARN_RANGE_LOOP_ANALYSIS = YES;
				CLANG_WARN_STRICT_PROTOTYPES = YES;
				CLANG_WARN_SUSPICIOUS_MOVE = YES;
				CLANG_WARN_UNGUARDED_AVAILABILITY = YES_AGGRESSIVE;
				CLANG_WARN_UNREACHABLE_CODE = YES;
				CLANG_WARN__DUPLICATE_METHOD_MATCH = YES;
				CODE_SIGN_IDENTITY = "iPhone Developer";
				COPY_PHASE_STRIP = NO;
				DEBUG_INFORMATION_FORMAT = "dwarf-with-dsym";
				ENABLE_NS_ASSERTIONS = NO;
				ENABLE_STRICT_OBJC_MSGSEND = YES;
				GCC_C_LANGUAGE_STANDARD = gnu11;
				GCC_NO_COMMON_BLOCKS = YES;
				GCC_WARN_64_TO_32_BIT_CONVERSION = YES;
				GCC_WARN_ABOUT_RETURN_TYPE = YES_ERROR;
				GCC_WARN_UNDECLARED_SELECTOR = YES;
				GCC_WARN_UNINITIALIZED_AUTOS = YES_AGGRESSIVE;
				GCC_WARN_UNUSED_FUNCTION = YES;
				GCC_WARN_UNUSED_VARIABLE = YES;
				IPHONEOS_DEPLOYMENT_TARGET = 11.4;
				MTL_ENABLE_DEBUG_INFO = NO;
				SDKROOT = iphoneos;
				VALIDATE_PRODUCT = YES;
			};
			name = Release;
		};
		E8E3ACE0215B8C770066F4D0 /* Debug */ = {
			isa = XCBuildConfiguration;
			baseConfigurationReference = 27984CD53EE2411B7C33873D /* Pods-SWDYD.debug.xcconfig */;
			buildSettings = {
				ASSETCATALOG_COMPILER_APPICON_NAME = AppIcon;
				ASSETCATALOG_COMPILER_LAUNCHIMAGE_NAME = LaunchImage;
				CODE_SIGN_STYLE = Automatic;
				DEVELOPMENT_TEAM = 2WJ4BEE5HT;
				GCC_PREFIX_HEADER = "$(SRCROOT)/SWDYD/SWDYDPrefixHeader.pch";
				INFOPLIST_FILE = SWDYD/Info.plist;
				IPHONEOS_DEPLOYMENT_TARGET = 8.0;
				LD_RUNPATH_SEARCH_PATHS = (
					"$(inherited)",
					"@executable_path/Frameworks",
				);
				PRODUCT_BUNDLE_IDENTIFIER = com.github.RockChanel.SWDYD;
				PRODUCT_NAME = "$(TARGET_NAME)";
				TARGETED_DEVICE_FAMILY = 1;
			};
			name = Debug;
		};
		E8E3ACE1215B8C770066F4D0 /* Release */ = {
			isa = XCBuildConfiguration;
			baseConfigurationReference = 5347DD2025907B752079DDDB /* Pods-SWDYD.release.xcconfig */;
			buildSettings = {
				ASSETCATALOG_COMPILER_APPICON_NAME = AppIcon;
				ASSETCATALOG_COMPILER_LAUNCHIMAGE_NAME = LaunchImage;
				CODE_SIGN_STYLE = Automatic;
				DEVELOPMENT_TEAM = 2WJ4BEE5HT;
				GCC_PREFIX_HEADER = "$(SRCROOT)/SWDYD/SWDYDPrefixHeader.pch";
				INFOPLIST_FILE = SWDYD/Info.plist;
				IPHONEOS_DEPLOYMENT_TARGET = 8.0;
				LD_RUNPATH_SEARCH_PATHS = (
					"$(inherited)",
					"@executable_path/Frameworks",
				);
				PRODUCT_BUNDLE_IDENTIFIER = com.github.RockChanel.SWDYD;
				PRODUCT_NAME = "$(TARGET_NAME)";
				TARGETED_DEVICE_FAMILY = 1;
			};
			name = Release;
		};
		E8E3ACE3215B8C770066F4D0 /* Debug */ = {
			isa = XCBuildConfiguration;
			baseConfigurationReference = BD1C3405E239AF6599D6E567 /* Pods-SWDYDTests.debug.xcconfig */;
			buildSettings = {
				BUNDLE_LOADER = "$(TEST_HOST)";
				CODE_SIGN_STYLE = Automatic;
				DEVELOPMENT_TEAM = 28XRZ273MD;
				INFOPLIST_FILE = SWDYDTests/Info.plist;
				LD_RUNPATH_SEARCH_PATHS = (
					"$(inherited)",
					"@executable_path/Frameworks",
					"@loader_path/Frameworks",
				);
				PRODUCT_BUNDLE_IDENTIFIER = com.github.RockChanel.SWDYDTests;
				PRODUCT_NAME = "$(TARGET_NAME)";
				TARGETED_DEVICE_FAMILY = "1,2";
				TEST_HOST = "$(BUILT_PRODUCTS_DIR)/SWDYD.app/SWDYD";
			};
			name = Debug;
		};
		E8E3ACE4215B8C770066F4D0 /* Release */ = {
			isa = XCBuildConfiguration;
			baseConfigurationReference = 7FFE410D730D332220AD4556 /* Pods-SWDYDTests.release.xcconfig */;
			buildSettings = {
				BUNDLE_LOADER = "$(TEST_HOST)";
				CODE_SIGN_STYLE = Automatic;
				DEVELOPMENT_TEAM = 28XRZ273MD;
				INFOPLIST_FILE = SWDYDTests/Info.plist;
				LD_RUNPATH_SEARCH_PATHS = (
					"$(inherited)",
					"@executable_path/Frameworks",
					"@loader_path/Frameworks",
				);
				PRODUCT_BUNDLE_IDENTIFIER = com.github.RockChanel.SWDYDTests;
				PRODUCT_NAME = "$(TARGET_NAME)";
				TARGETED_DEVICE_FAMILY = "1,2";
				TEST_HOST = "$(BUILT_PRODUCTS_DIR)/SWDYD.app/SWDYD";
			};
			name = Release;
		};
		E8E3ACE6215B8C770066F4D0 /* Debug */ = {
			isa = XCBuildConfiguration;
			baseConfigurationReference = 8E6D7942FE395A202CB844E0 /* Pods-SWDYDUITests.debug.xcconfig */;
			buildSettings = {
				CODE_SIGN_STYLE = Automatic;
				DEVELOPMENT_TEAM = 28XRZ273MD;
				INFOPLIST_FILE = SWDYDUITests/Info.plist;
				LD_RUNPATH_SEARCH_PATHS = (
					"$(inherited)",
					"@executable_path/Frameworks",
					"@loader_path/Frameworks",
				);
				PRODUCT_BUNDLE_IDENTIFIER = com.github.RockChanel.SWDYDUITests;
				PRODUCT_NAME = "$(TARGET_NAME)";
				TARGETED_DEVICE_FAMILY = "1,2";
				TEST_TARGET_NAME = SWDYD;
			};
			name = Debug;
		};
		E8E3ACE7215B8C770066F4D0 /* Release */ = {
			isa = XCBuildConfiguration;
			baseConfigurationReference = E33DE055328FB65BD76B294C /* Pods-SWDYDUITests.release.xcconfig */;
			buildSettings = {
				CODE_SIGN_STYLE = Automatic;
				DEVELOPMENT_TEAM = 28XRZ273MD;
				INFOPLIST_FILE = SWDYDUITests/Info.plist;
				LD_RUNPATH_SEARCH_PATHS = (
					"$(inherited)",
					"@executable_path/Frameworks",
					"@loader_path/Frameworks",
				);
				PRODUCT_BUNDLE_IDENTIFIER = com.github.RockChanel.SWDYDUITests;
				PRODUCT_NAME = "$(TARGET_NAME)";
				TARGETED_DEVICE_FAMILY = "1,2";
				TEST_TARGET_NAME = SWDYD;
			};
			name = Release;
		};
/* End XCBuildConfiguration section */

/* Begin XCConfigurationList section */
		E8E3ACAE215B8C750066F4D0 /* Build configuration list for PBXProject "SWDYD" */ = {
			isa = XCConfigurationList;
			buildConfigurations = (
				E8E3ACDD215B8C770066F4D0 /* Debug */,
				E8E3ACDE215B8C770066F4D0 /* Release */,
			);
			defaultConfigurationIsVisible = 0;
			defaultConfigurationName = Release;
		};
		E8E3ACDF215B8C770066F4D0 /* Build configuration list for PBXNativeTarget "SWDYD" */ = {
			isa = XCConfigurationList;
			buildConfigurations = (
				E8E3ACE0215B8C770066F4D0 /* Debug */,
				E8E3ACE1215B8C770066F4D0 /* Release */,
			);
			defaultConfigurationIsVisible = 0;
			defaultConfigurationName = Release;
		};
		E8E3ACE2215B8C770066F4D0 /* Build configuration list for PBXNativeTarget "SWDYDTests" */ = {
			isa = XCConfigurationList;
			buildConfigurations = (
				E8E3ACE3215B8C770066F4D0 /* Debug */,
				E8E3ACE4215B8C770066F4D0 /* Release */,
			);
			defaultConfigurationIsVisible = 0;
			defaultConfigurationName = Release;
		};
		E8E3ACE5215B8C770066F4D0 /* Build configuration list for PBXNativeTarget "SWDYDUITests" */ = {
			isa = XCConfigurationList;
			buildConfigurations = (
				E8E3ACE6215B8C770066F4D0 /* Debug */,
				E8E3ACE7215B8C770066F4D0 /* Release */,
			);
			defaultConfigurationIsVisible = 0;
			defaultConfigurationName = Release;
		};
/* End XCConfigurationList section */
	};
	rootObject = E8E3ACAB215B8C750066F4D0 /* Project object */;
}
